
Microsoft Visual Studio Solution File, Format Version 12.00
# Visual Studio Version 17
VisualStudioVersion = 17.12.35527.113 d17.12
MinimumVisualStudioVersion = 10.0.40219.1
Project("{2150E333-8FDC-42A3-9474-1A3956D46DE8}") = "Core", "Core", "{53F04983-F37E-4B78-A6BE-7F9F8C8A5220}"
EndProject
Project("{FAE04EC0-301F-11D3-BF4B-00C04F79EFBC}") = "UdemyCarBook.Domain", "Core\UdemyCarBook.Domain\UdemyCarBook.Domain.csproj", "{52E978A2-7EB9-4B4B-826A-07A69C3C6C1A}"
EndProject
Global
	GlobalSection(SolutionConfigurationPlatforms) = preSolution
		Debug|Any CPU = Debug|Any CPU
		Release|Any CPU = Release|Any CPU
	EndGlobalSection
	GlobalSection(ProjectConfigurationPlatforms) = postSolution
		{52E978A2-7EB9-4B4B-826A-07A69C3C6C1A}.Debug|Any CPU.ActiveCfg = Debug|Any CPU
		{52E978A2-7EB9-4B4B-826A-07A69C3C6C1A}.Debug|Any CPU.Build.0 = Debug|Any CPU
		{52E978A2-7EB9-4B4B-826A-07A69C3C6C1A}.Release|Any CPU.ActiveCfg = Release|Any CPU
		{52E978A2-7EB9-4B4B-826A-07A69C3C6C1A}.Release|Any CPU.Build.0 = Release|Any CPU
	EndGlobalSection
	GlobalSection(SolutionProperties) = preSolution
		HideSolutionNode = FALSE
	EndGlobalSection
	GlobalSection(NestedProjects) = preSolution
		{52E978A2-7EB9-4B4B-826A-07A69C3C6C1A} = {53F04983-F37E-4B78-A6BE-7F9F8C8A5220}
	EndGlobalSection
EndGlobal
